// !$*UTF8*$!
{
	archiveVersion = 1;
	classes = {
	};
	objectVersion = 56;
	objects = {

/* Begin PBXBuildFile section */
		30979D492BB4617A00CB3123 /* Profile.swift in Sources */ = {isa = PBXBuildFile; fileRef = 30979D482BB4617A00CB3123 /* Profile.swift */; };
		30979D4B2BB4624300CB3123 /* ProfileViewModel.swift in Sources */ = {isa = PBXBuildFile; fileRef = 30979D4A2BB4624300CB3123 /* ProfileViewModel.swift */; };
		30AAF9552BAB32140011E0B9 /* AddDrinkView.swift in Sources */ = {isa = PBXBuildFile; fileRef = 30AAF9542BAB32140011E0B9 /* AddDrinkView.swift */; };
		30AAF9582BAB32260011E0B9 /* Drink.swift in Sources */ = {isa = PBXBuildFile; fileRef = 30AAF9562BAB32260011E0B9 /* Drink.swift */; };
		30AAF95B2BAB33910011E0B9 /* DrinkViewModel.swift in Sources */ = {isa = PBXBuildFile; fileRef = 30AAF95A2BAB33910011E0B9 /* DrinkViewModel.swift */; };
		30BE71052B9F301D00261660 /* HomeView.swift in Sources */ = {isa = PBXBuildFile; fileRef = 30BE71042B9F301C00261660 /* HomeView.swift */; };
		30DC075C2B98C03800EC1825 /* DrunkardApp.swift in Sources */ = {isa = PBXBuildFile; fileRef = 30DC075B2B98C03800EC1825 /* DrunkardApp.swift */; };
		30DC075E2B98C03800EC1825 /* ContentView.swift in Sources */ = {isa = PBXBuildFile; fileRef = 30DC075D2B98C03800EC1825 /* ContentView.swift */; };
		30DC07602B98C03900EC1825 /* Assets.xcassets in Resources */ = {isa = PBXBuildFile; fileRef = 30DC075F2B98C03900EC1825 /* Assets.xcassets */; };
		30DC07632B98C03900EC1825 /* Preview Assets.xcassets in Resources */ = {isa = PBXBuildFile; fileRef = 30DC07622B98C03900EC1825 /* Preview Assets.xcassets */; };
		30DDDF302BA1F24400806E0C /* CanIDriveView.swift in Sources */ = {isa = PBXBuildFile; fileRef = 30DDDF2F2BA1F24400806E0C /* CanIDriveView.swift */; };
		914FDC2B2BAB2A5400D657AA /* EditGoalGlassView.swift in Sources */ = {isa = PBXBuildFile; fileRef = 914FDC2A2BAB2A5400D657AA /* EditGoalGlassView.swift */; };
		914FDC2D2BAB2D1400D657AA /* EditGoalLevelView.swift in Sources */ = {isa = PBXBuildFile; fileRef = 914FDC2C2BAB2D1400D657AA /* EditGoalLevelView.swift */; };
		91B79E1C2BA2009C007BA2E8 /* GoalView.swift in Sources */ = {isa = PBXBuildFile; fileRef = 91B79E1B2BA2009B007BA2E8 /* GoalView.swift */; };
		91ED45B42B98C4E40044813B /* ProfileView.swift in Sources */ = {isa = PBXBuildFile; fileRef = 91ED45B32B98C4E40044813B /* ProfileView.swift */; };
/* End PBXBuildFile section */

/* Begin PBXFileReference section */
		30979D482BB4617A00CB3123 /* Profile.swift */ = {isa = PBXFileReference; lastKnownFileType = sourcecode.swift; path = Profile.swift; sourceTree = "<group>"; };
		30979D4A2BB4624300CB3123 /* ProfileViewModel.swift */ = {isa = PBXFileReference; lastKnownFileType = sourcecode.swift; path = ProfileViewModel.swift; sourceTree = "<group>"; };
		30AAF9542BAB32140011E0B9 /* AddDrinkView.swift */ = {isa = PBXFileReference; fileEncoding = 4; lastKnownFileType = sourcecode.swift; path = AddDrinkView.swift; sourceTree = "<group>"; };
		30AAF9562BAB32260011E0B9 /* Drink.swift */ = {isa = PBXFileReference; fileEncoding = 4; lastKnownFileType = sourcecode.swift; path = Drink.swift; sourceTree = "<group>"; };
		30AAF95A2BAB33910011E0B9 /* DrinkViewModel.swift */ = {isa = PBXFileReference; fileEncoding = 4; lastKnownFileType = sourcecode.swift; path = DrinkViewModel.swift; sourceTree = "<group>"; };
		30BE71042B9F301C00261660 /* HomeView.swift */ = {isa = PBXFileReference; fileEncoding = 4; lastKnownFileType = sourcecode.swift; path = HomeView.swift; sourceTree = "<group>"; };
		30DC07582B98C03800EC1825 /* Drunkard.app */ = {isa = PBXFileReference; explicitFileType = wrapper.application; includeInIndex = 0; path = Drunkard.app; sourceTree = BUILT_PRODUCTS_DIR; };
		30DC075B2B98C03800EC1825 /* DrunkardApp.swift */ = {isa = PBXFileReference; lastKnownFileType = sourcecode.swift; path = DrunkardApp.swift; sourceTree = "<group>"; };
		30DC075D2B98C03800EC1825 /* ContentView.swift */ = {isa = PBXFileReference; lastKnownFileType = sourcecode.swift; path = ContentView.swift; sourceTree = "<group>"; };
		30DC075F2B98C03900EC1825 /* Assets.xcassets */ = {isa = PBXFileReference; lastKnownFileType = folder.assetcatalog; path = Assets.xcassets; sourceTree = "<group>"; };
		30DC07622B98C03900EC1825 /* Preview Assets.xcassets */ = {isa = PBXFileReference; lastKnownFileType = folder.assetcatalog; path = "Preview Assets.xcassets"; sourceTree = "<group>"; };
		30DDDF2F2BA1F24400806E0C /* CanIDriveView.swift */ = {isa = PBXFileReference; lastKnownFileType = sourcecode.swift; path = CanIDriveView.swift; sourceTree = "<group>"; };
		914FDC2A2BAB2A5400D657AA /* EditGoalGlassView.swift */ = {isa = PBXFileReference; lastKnownFileType = sourcecode.swift; path = EditGoalGlassView.swift; sourceTree = "<group>"; };
		914FDC2C2BAB2D1400D657AA /* EditGoalLevelView.swift */ = {isa = PBXFileReference; lastKnownFileType = sourcecode.swift; path = EditGoalLevelView.swift; sourceTree = "<group>"; };
		91B79E1B2BA2009B007BA2E8 /* GoalView.swift */ = {isa = PBXFileReference; lastKnownFileType = sourcecode.swift; path = GoalView.swift; sourceTree = "<group>"; };
		91ED45B32B98C4E40044813B /* ProfileView.swift */ = {isa = PBXFileReference; lastKnownFileType = sourcecode.swift; path = ProfileView.swift; sourceTree = "<group>"; };
/* End PBXFileReference section */

/* Begin PBXFrameworksBuildPhase section */
		30DC07552B98C03800EC1825 /* Frameworks */ = {
			isa = PBXFrameworksBuildPhase;
			buildActionMask = 2147483647;
			files = (
			);
			runOnlyForDeploymentPostprocessing = 0;
		};
/* End PBXFrameworksBuildPhase section */

/* Begin PBXGroup section */
		30DC074F2B98C03800EC1825 = {
			isa = PBXGroup;
			children = (
				30DC075A2B98C03800EC1825 /* Drunkard */,
				30DC07592B98C03800EC1825 /* Products */,
			);
			sourceTree = "<group>";
		};
		30DC07592B98C03800EC1825 /* Products */ = {
			isa = PBXGroup;
			children = (
				30DC07582B98C03800EC1825 /* Drunkard.app */,
			);
			name = Products;
			sourceTree = "<group>";
		};
		30DC075A2B98C03800EC1825 /* Drunkard */ = {
			isa = PBXGroup;
			children = (
				91ED45AA2B98C3CF0044813B /* Models */,
				91ED45AB2B98C3E70044813B /* Views */,
				30DC075D2B98C03800EC1825 /* ContentView.swift */,
				91ED45AC2B98C3F90044813B /* ViewModels */,
				30DC075B2B98C03800EC1825 /* DrunkardApp.swift */,
				30DC075F2B98C03900EC1825 /* Assets.xcassets */,
				30DC07612B98C03900EC1825 /* Preview Content */,
			);
			path = Drunkard;
			sourceTree = "<group>";
		};
		30DC07612B98C03900EC1825 /* Preview Content */ = {
			isa = PBXGroup;
			children = (
				30DC07622B98C03900EC1825 /* Preview Assets.xcassets */,
			);
			path = "Preview Content";
			sourceTree = "<group>";
		};
		91ED45AA2B98C3CF0044813B /* Models */ = {
			isa = PBXGroup;
			children = (
				30AAF9562BAB32260011E0B9 /* Drink.swift */,
				30979D482BB4617A00CB3123 /* Profile.swift */,
			);
			path = Models;
			sourceTree = "<group>";
		};
		91ED45AB2B98C3E70044813B /* Views */ = {
			isa = PBXGroup;
			children = (
				30AAF9542BAB32140011E0B9 /* AddDrinkView.swift */,
				30BE71042B9F301C00261660 /* HomeView.swift */,
				91ED45B32B98C4E40044813B /* ProfileView.swift */,
				30DDDF2F2BA1F24400806E0C /* CanIDriveView.swift */,
				91B79E1B2BA2009B007BA2E8 /* GoalView.swift */,
				914FDC2A2BAB2A5400D657AA /* EditGoalGlassView.swift */,
				914FDC2C2BAB2D1400D657AA /* EditGoalLevelView.swift */,
			);
			path = Views;
			sourceTree = "<group>";
		};
		91ED45AC2B98C3F90044813B /* ViewModels */ = {
			isa = PBXGroup;
			children = (
				30AAF95A2BAB33910011E0B9 /* DrinkViewModel.swift */,
				30979D4A2BB4624300CB3123 /* ProfileViewModel.swift */,
			);
			path = ViewModels;
			sourceTree = "<group>";
		};
/* End PBXGroup section */

/* Begin PBXNativeTarget section */
		30DC07572B98C03800EC1825 /* Drunkard */ = {
			isa = PBXNativeTarget;
			buildConfigurationList = 30DC07662B98C03900EC1825 /* Build configuration list for PBXNativeTarget "Drunkard" */;
			buildPhases = (
				30DC07542B98C03800EC1825 /* Sources */,
				30DC07552B98C03800EC1825 /* Frameworks */,
				30DC07562B98C03800EC1825 /* Resources */,
			);
			buildRules = (
			);
			dependencies = (
			);
			name = Drunkard;
			productName = Drunkard;
			productReference = 30DC07582B98C03800EC1825 /* Drunkard.app */;
			productType = "com.apple.product-type.application";
		};
/* End PBXNativeTarget section */

/* Begin PBXProject section */
		30DC07502B98C03800EC1825 /* Project object */ = {
			isa = PBXProject;
			attributes = {
				BuildIndependentTargetsInParallel = 1;
				LastSwiftUpdateCheck = 1430;
				LastUpgradeCheck = 1430;
				TargetAttributes = {
					30DC07572B98C03800EC1825 = {
						CreatedOnToolsVersion = 14.3.1;
					};
				};
			};
			buildConfigurationList = 30DC07532B98C03800EC1825 /* Build configuration list for PBXProject "Drunkard" */;
			compatibilityVersion = "Xcode 14.0";
			developmentRegion = en;
			hasScannedForEncodings = 0;
			knownRegions = (
				en,
				Base,
			);
			mainGroup = 30DC074F2B98C03800EC1825;
			productRefGroup = 30DC07592B98C03800EC1825 /* Products */;
			projectDirPath = "";
			projectRoot = "";
			targets = (
				30DC07572B98C03800EC1825 /* Drunkard */,
			);
		};
/* End PBXProject section */

/* Begin PBXResourcesBuildPhase section */
		30DC07562B98C03800EC1825 /* Resources */ = {
			isa = PBXResourcesBuildPhase;
			buildActionMask = 2147483647;
			files = (
				30DC07632B98C03900EC1825 /* Preview Assets.xcassets in Resources */,
				30DC07602B98C03900EC1825 /* Assets.xcassets in Resources */,
			);
			runOnlyForDeploymentPostprocessing = 0;
		};
/* End PBXResourcesBuildPhase section */

/* Begin PBXSourcesBuildPhase section */
		30DC07542B98C03800EC1825 /* Sources */ = {
			isa = PBXSourcesBuildPhase;
			buildActionMask = 2147483647;
			files = (
				30BE71052B9F301D00261660 /* HomeView.swift in Sources */,
				30979D492BB4617A00CB3123 /* Profile.swift in Sources */,
				914FDC2D2BAB2D1400D657AA /* EditGoalLevelView.swift in Sources */,
				30DC075E2B98C03800EC1825 /* ContentView.swift in Sources */,
				91ED45B42B98C4E40044813B /* ProfileView.swift in Sources */,
				30DDDF302BA1F24400806E0C /* CanIDriveView.swift in Sources */,
				30AAF9552BAB32140011E0B9 /* AddDrinkView.swift in Sources */,
				30DC075C2B98C03800EC1825 /* DrunkardApp.swift in Sources */,
				914FDC2B2BAB2A5400D657AA /* EditGoalGlassView.swift in Sources */,
				30AAF9582BAB32260011E0B9 /* Drink.swift in Sources */,
				30979D4B2BB4624300CB3123 /* ProfileViewModel.swift in Sources */,
				30AAF95B2BAB33910011E0B9 /* DrinkViewModel.swift in Sources */,
				91B79E1C2BA2009C007BA2E8 /* GoalView.swift in Sources */,
			);
			runOnlyForDeploymentPostprocessing = 0;
		};
/* End PBXSourcesBuildPhase section */

/* Begin XCBuildConfiguration section */
		30DC07642B98C03900EC1825 /* Debug */ = {
			isa = XCBuildConfiguration;
			buildSettings = {
				ALWAYS_SEARCH_USER_PATHS = NO;
				CLANG_ANALYZER_NONNULL = YES;
				CLANG_ANALYZER_NUMBER_OBJECT_CONVERSION = YES_AGGRESSIVE;
				CLANG_CXX_LANGUAGE_STANDARD = "gnu++20";
				CLANG_ENABLE_MODULES = YES;
				CLANG_ENABLE_OBJC_ARC = YES;
				CLANG_ENABLE_OBJC_WEAK = YES;
				CLANG_WARN_BLOCK_CAPTURE_AUTORELEASING = YES;
				CLANG_WARN_BOOL_CONVERSION = YES;
				CLANG_WARN_COMMA = YES;
				CLANG_WARN_CONSTANT_CONVERSION = YES;
				CLANG_WARN_DEPRECATED_OBJC_IMPLEMENTATIONS = YES;
				CLANG_WARN_DIRECT_OBJC_ISA_USAGE = YES_ERROR;
				CLANG_WARN_DOCUMENTATION_COMMENTS = YES;
				CLANG_WARN_EMPTY_BODY = YES;
				CLANG_WARN_ENUM_CONVERSION = YES;
				CLANG_WARN_INFINITE_RECURSION = YES;
				CLANG_WARN_INT_CONVERSION = YES;
				CLANG_WARN_NON_LITERAL_NULL_CONVERSION = YES;
				CLANG_WARN_OBJC_IMPLICIT_RETAIN_SELF = YES;
				CLANG_WARN_OBJC_LITERAL_CONVERSION = YES;
				CLANG_WARN_OBJC_ROOT_CLASS = YES_ERROR;
				CLANG_WARN_QUOTED_INCLUDE_IN_FRAMEWORK_HEADER = YES;
				CLANG_WARN_RANGE_LOOP_ANALYSIS = YES;
				CLANG_WARN_STRICT_PROTOTYPES = YES;
				CLANG_WARN_SUSPICIOUS_MOVE = YES;
				CLANG_WARN_UNGUARDED_AVAILABILITY = YES_AGGRESSIVE;
				CLANG_WARN_UNREACHABLE_CODE = YES;
				CLANG_WARN__DUPLICATE_METHOD_MATCH = YES;
				COPY_PHASE_STRIP = NO;
				DEBUG_INFORMATION_FORMAT = dwarf;
				ENABLE_STRICT_OBJC_MSGSEND = YES;
				ENABLE_TESTABILITY = YES;
				GCC_C_LANGUAGE_STANDARD = gnu11;
				GCC_DYNAMIC_NO_PIC = NO;
				GCC_NO_COMMON_BLOCKS = YES;
				GCC_OPTIMIZATION_LEVEL = 0;
				GCC_PREPROCESSOR_DEFINITIONS = (
					"DEBUG=1",
					"$(inherited)",
				);
				GCC_WARN_64_TO_32_BIT_CONVERSION = YES;
				GCC_WARN_ABOUT_RETURN_TYPE = YES_ERROR;
				GCC_WARN_UNDECLARED_SELECTOR = YES;
				GCC_WARN_UNINITIALIZED_AUTOS = YES_AGGRESSIVE;
				GCC_WARN_UNUSED_FUNCTION = YES;
				GCC_WARN_UNUSED_VARIABLE = YES;
				IPHONEOS_DEPLOYMENT_TARGET = 16.4;
				MTL_ENABLE_DEBUG_INFO = INCLUDE_SOURCE;
				MTL_FAST_MATH = YES;
				ONLY_ACTIVE_ARCH = YES;
				SDKROOT = iphoneos;
				SWIFT_ACTIVE_COMPILATION_CONDITIONS = DEBUG;
				SWIFT_OPTIMIZATION_LEVEL = "-Onone";
			};
			name = Debug;
		};
		30DC07652B98C03900EC1825 /* Release */ = {
			isa = XCBuildConfiguration;
			buildSettings = {
				ALWAYS_SEARCH_USER_PATHS = NO;
				CLANG_ANALYZER_NONNULL = YES;
				CLANG_ANALYZER_NUMBER_OBJECT_CONVERSION = YES_AGGRESSIVE;
				CLANG_CXX_LANGUAGE_STANDARD = "gnu++20";
				CLANG_ENABLE_MODULES = YES;
				CLANG_ENABLE_OBJC_ARC = YES;
				CLANG_ENABLE_OBJC_WEAK = YES;
				CLANG_WARN_BLOCK_CAPTURE_AUTORELEASING = YES;
				CLANG_WARN_BOOL_CONVERSION = YES;
				CLANG_WARN_COMMA = YES;
				CLANG_WARN_CONSTANT_CONVERSION = YES;
				CLANG_WARN_DEPRECATED_OBJC_IMPLEMENTATIONS = YES;
				CLANG_WARN_DIRECT_OBJC_ISA_USAGE = YES_ERROR;
				CLANG_WARN_DOCUMENTATION_COMMENTS = YES;
				CLANG_WARN_EMPTY_BODY = YES;
				CLANG_WARN_ENUM_CONVERSION = YES;
				CLANG_WARN_INFINITE_RECURSION = YES;
				CLANG_WARN_INT_CONVERSION = YES;
				CLANG_WARN_NON_LITERAL_NULL_CONVERSION = YES;
				CLANG_WARN_OBJC_IMPLICIT_RETAIN_SELF = YES;
				CLANG_WARN_OBJC_LITERAL_CONVERSION = YES;
				CLANG_WARN_OBJC_ROOT_CLASS = YES_ERROR;
				CLANG_WARN_QUOTED_INCLUDE_IN_FRAMEWORK_HEADER = YES;
				CLANG_WARN_RANGE_LOOP_ANALYSIS = YES;
				CLANG_WARN_STRICT_PROTOTYPES = YES;
				CLANG_WARN_SUSPICIOUS_MOVE = YES;
				CLANG_WARN_UNGUARDED_AVAILABILITY = YES_AGGRESSIVE;
				CLANG_WARN_UNREACHABLE_CODE = YES;
				CLANG_WARN__DUPLICATE_METHOD_MATCH = YES;
				COPY_PHASE_STRIP = NO;
				DEBUG_INFORMATION_FORMAT = "dwarf-with-dsym";
				ENABLE_NS_ASSERTIONS = NO;
				ENABLE_STRICT_OBJC_MSGSEND = YES;
				GCC_C_LANGUAGE_STANDARD = gnu11;
				GCC_NO_COMMON_BLOCKS = YES;
				GCC_WARN_64_TO_32_BIT_CONVERSION = YES;
				GCC_WARN_ABOUT_RETURN_TYPE = YES_ERROR;
				GCC_WARN_UNDECLARED_SELECTOR = YES;
				GCC_WARN_UNINITIALIZED_AUTOS = YES_AGGRESSIVE;
				GCC_WARN_UNUSED_FUNCTION = YES;
				GCC_WARN_UNUSED_VARIABLE = YES;
				IPHONEOS_DEPLOYMENT_TARGET = 16.4;
				MTL_ENABLE_DEBUG_INFO = NO;
				MTL_FAST_MATH = YES;
				SDKROOT = iphoneos;
				SWIFT_COMPILATION_MODE = wholemodule;
				SWIFT_OPTIMIZATION_LEVEL = "-O";
				VALIDATE_PRODUCT = YES;
			};
			name = Release;
		};
		30DC07672B98C03900EC1825 /* Debug */ = {
			isa = XCBuildConfiguration;
			buildSettings = {
				ASSETCATALOG_COMPILER_APPICON_NAME = AppIcon;
				ASSETCATALOG_COMPILER_GLOBAL_ACCENT_COLOR_NAME = AccentColor;
				CODE_SIGN_STYLE = Automatic;
				CURRENT_PROJECT_VERSION = 1;
				DEVELOPMENT_ASSET_PATHS = "\"Drunkard/Preview Content\"";
				ENABLE_PREVIEWS = YES;
				GENERATE_INFOPLIST_FILE = YES;
				INFOPLIST_KEY_UIApplicationSceneManifest_Generation = YES;
				INFOPLIST_KEY_UIApplicationSupportsIndirectInputEvents = YES;
				INFOPLIST_KEY_UILaunchScreen_Generation = YES;
				INFOPLIST_KEY_UISupportedInterfaceOrientations_iPad = "UIInterfaceOrientationPortrait UIInterfaceOrientationPortraitUpsideDown UIInterfaceOrientationLandscapeLeft UIInterfaceOrientationLandscapeRight";
				INFOPLIST_KEY_UISupportedInterfaceOrientations_iPhone = "UIInterfaceOrientationPortrait UIInterfaceOrientationLandscapeLeft UIInterfaceOrientationLandscapeRight";
				LD_RUNPATH_SEARCH_PATHS = (
					"$(inherited)",
					"@executable_path/Frameworks",
				);
				MARKETING_VERSION = 1.0;
				PRODUCT_BUNDLE_IDENTIFIER = fr.nboschi.Drunkard;
				PRODUCT_NAME = "$(TARGET_NAME)";
				SWIFT_EMIT_LOC_STRINGS = YES;
				SWIFT_VERSION = 5.0;
				TARGETED_DEVICE_FAMILY = "1,2";
			};
			name = Debug;
		};
		30DC07682B98C03900EC1825 /* Release */ = {
			isa = XCBuildConfiguration;
			buildSettings = {
				ASSETCATALOG_COMPILER_APPICON_NAME = AppIcon;
				ASSETCATALOG_COMPILER_GLOBAL_ACCENT_COLOR_NAME = AccentColor;
				CODE_SIGN_STYLE = Automatic;
				CURRENT_PROJECT_VERSION = 1;
				DEVELOPMENT_ASSET_PATHS = "\"Drunkard/Preview Content\"";
				ENABLE_PREVIEWS = YES;
				GENERATE_INFOPLIST_FILE = YES;
				INFOPLIST_KEY_UIApplicationSceneManifest_Generation = YES;
				INFOPLIST_KEY_UIApplicationSupportsIndirectInputEvents = YES;
				INFOPLIST_KEY_UILaunchScreen_Generation = YES;
				INFOPLIST_KEY_UISupportedInterfaceOrientations_iPad = "UIInterfaceOrientationPortrait UIInterfaceOrientationPortraitUpsideDown UIInterfaceOrientationLandscapeLeft UIInterfaceOrientationLandscapeRight";
				INFOPLIST_KEY_UISupportedInterfaceOrientations_iPhone = "UIInterfaceOrientationPortrait UIInterfaceOrientationLandscapeLeft UIInterfaceOrientationLandscapeRight";
				LD_RUNPATH_SEARCH_PATHS = (
					"$(inherited)",
					"@executable_path/Frameworks",
				);
				MARKETING_VERSION = 1.0;
				PRODUCT_BUNDLE_IDENTIFIER = fr.nboschi.Drunkard;
				PRODUCT_NAME = "$(TARGET_NAME)";
				SWIFT_EMIT_LOC_STRINGS = YES;
				SWIFT_VERSION = 5.0;
				TARGETED_DEVICE_FAMILY = "1,2";
			};
			name = Release;
		};
/* End XCBuildConfiguration section */

/* Begin XCConfigurationList section */
		30DC07532B98C03800EC1825 /* Build configuration list for PBXProject "Drunkard" */ = {
			isa = XCConfigurationList;
			buildConfigurations = (
				30DC07642B98C03900EC1825 /* Debug */,
				30DC07652B98C03900EC1825 /* Release */,
			);
			defaultConfigurationIsVisible = 0;
			defaultConfigurationName = Release;
		};
		30DC07662B98C03900EC1825 /* Build configuration list for PBXNativeTarget "Drunkard" */ = {
			isa = XCConfigurationList;
			buildConfigurations = (
				30DC07672B98C03900EC1825 /* Debug */,
				30DC07682B98C03900EC1825 /* Release */,
			);
			defaultConfigurationIsVisible = 0;
			defaultConfigurationName = Release;
		};
/* End XCConfigurationList section */
	};
	rootObject = 30DC07502B98C03800EC1825 /* Project object */;
}
